
Microsoft Visual Studio Solution File, Format Version 12.00
# Visual Studio 15
VisualStudioVersion = 15.0.27703.2042
MinimumVisualStudioVersion = 10.0.40219.1
Project("{9A19103F-16F7-4668-BE54-9A1E7A4F7556}") = "DocumentEditor.API", "DocumentEditor.API\DocumentEditor.API.csproj", "{F206DD89-01ED-42C7-A4E1-8C6F8A79CD51}"
EndProject
Global
	GlobalSection(SolutionConfigurationPlatforms) = preSolution
		Debug|Any CPU = Debug|Any CPU
		Release|Any CPU = Release|Any CPU
	EndGlobalSection
	GlobalSection(ProjectConfigurationPlatforms) = postSolution
		{F206DD89-01ED-42C7-A4E1-8C6F8A79CD51}.Debug|Any CPU.ActiveCfg = Debug|Any CPU
		{F206DD89-01ED-42C7-A4E1-8C6F8A79CD51}.Debug|Any CPU.Build.0 = Debug|Any CPU
		{F206DD89-01ED-42C7-A4E1-8C6F8A79CD51}.Release|Any CPU.ActiveCfg = Release|Any CPU
		{F206DD89-01ED-42C7-A4E1-8C6F8A79CD51}.Release|Any CPU.Build.0 = Release|Any CPU
	EndGlobalSection
	GlobalSection(SolutionProperties) = preSolution
		HideSolutionNode = FALSE
	EndGlobalSection
	GlobalSection(ExtensibilityGlobals) = postSolution
		SolutionGuid = {877CEE1D-0ABD-46C2-B349-700B2A83A526}
	EndGlobalSection
EndGlobal
